# THIS IS AN AUTOGENERATED FILE. DO NOT EDIT THIS FILE DIRECTLY.
# yarn lockfile v1


"@babel/parser@^7.16.4":
  version "7.16.6"
  resolved "https://registry.npmmirror.com/@babel/parser/download/@babel/parser-7.16.6.tgz#8f194828193e8fa79166f34a4b4e52f3e769a314"
  integrity sha512-Gr86ujcNuPDnNOY8mi383Hvi8IYrJVJYuf3XcuBM/Dgd+bINn/7tHqsj+tKkoreMbmGsFLsltI/JJd8fOFWGDQ==

"@css-render/plugin-bem@^0.15.6":
  version "0.15.6"
  resolved "https://registry.nlark.com/@css-render/plugin-bem/download/@css-render/plugin-bem-0.15.6.tgz#f7fea474df4f3262ef9fb8017ada1cb9712cd78a"
  integrity sha1-9/6kdN9PMmLvn7gBetocuXEs14o=
  dependencies:
    css-render "~0.15.6"

"@css-render/vue3-ssr@^0.15.6":
  version "0.15.6"
  resolved "https://registry.nlark.com/@css-render/vue3-ssr/download/@css-render/vue3-ssr-0.15.6.tgz#4edc294bda7e6ca215f6c7ec9e2c8385645069c3"
  integrity sha1-TtwpS9p+bKIV9sfsniyDhWRQacM=

"@emotion/hash@~0.8.0":
  version "0.8.0"
  resolved "https://registry.npm.taobao.org/@emotion/hash/download/@emotion/hash-0.8.0.tgz#bbbff68978fefdbe68ccb533bc8cbe1d1afb5413"
  integrity sha1-u7/2iXj+/b5ozLUzvIy+HRr7VBM=

"@jest/types@^27.4.2":
  version "27.4.2"
  resolved "https://registry.npmmirror.com/@jest/types/download/@jest/types-27.4.2.tgz#96536ebd34da6392c2b7c7737d693885b5dd44a5"
  integrity sha512-j35yw0PMTPpZsUoOBiuHzr1zTYoad1cVIE0ajEjcrJONxxrko/IRGKkXx3os0Nsi4Hu3+5VmDbVfq5WhG/pWAg==
  dependencies:
    "@types/istanbul-lib-coverage" "^2.0.0"
    "@types/istanbul-reports" "^3.0.0"
    "@types/node" "*"
    "@types/yargs" "^16.0.0"
    chalk "^4.0.0"

"@types/istanbul-lib-coverage@*", "@types/istanbul-lib-coverage@^2.0.0":
  version "2.0.3"
  resolved "https://registry.npmmirror.com/@types/istanbul-lib-coverage/download/@types/istanbul-lib-coverage-2.0.3.tgz?cache=0&sync_timestamp=1637266583694&other_urls=https%3A%2F%2Fregistry.npmmirror.com%2F%40types%2Fistanbul-lib-coverage%2Fdownload%2F%40types%2Fistanbul-lib-coverage-2.0.3.tgz#4ba8ddb720221f432e443bd5f9117fd22cfd4762"
  integrity sha1-S6jdtyAiH0MuRDvV+RF/0iz9R2I=

"@types/istanbul-lib-report@*":
  version "3.0.0"
  resolved "https://registry.npmmirror.com/@types/istanbul-lib-report/download/@types/istanbul-lib-report-3.0.0.tgz#c14c24f18ea8190c118ee7562b7ff99a36552686"
  integrity sha1-wUwk8Y6oGQwRjudWK3/5mjZVJoY=
  dependencies:
    "@types/istanbul-lib-coverage" "*"

"@types/istanbul-reports@^3.0.0":
  version "3.0.1"
  resolved "https://registry.npmmirror.com/@types/istanbul-reports/download/@types/istanbul-reports-3.0.1.tgz?cache=0&sync_timestamp=1637266160892&other_urls=https%3A%2F%2Fregistry.npmmirror.com%2F%40types%2Fistanbul-reports%2Fdownload%2F%40types%2Fistanbul-reports-3.0.1.tgz#9153fe98bba2bd565a63add9436d6f0d7f8468ff"
  integrity sha1-kVP+mLuivVZaY63ZQ21vDX+EaP8=
  dependencies:
    "@types/istanbul-lib-report" "*"

"@types/jest@^27.0.1":
  version "27.0.3"
  resolved "https://registry.npmmirror.com/@types/jest/download/@types/jest-27.0.3.tgz?cache=0&sync_timestamp=1637262564392&other_urls=https%3A%2F%2Fregistry.npmmirror.com%2F%40types%2Fjest%2Fdownload%2F%40types%2Fjest-27.0.3.tgz#0cf9dfe9009e467f70a342f0f94ead19842a783a"
  integrity sha512-cmmwv9t7gBYt7hNKH5Spu7Kuu/DotGa+Ff+JGRKZ4db5eh8PnKS4LuebJ3YLUoyOyIHraTGyULn23YtEAm0VSg==
  dependencies:
    jest-diff "^27.0.0"
    pretty-format "^27.0.0"

"@types/lodash-es@^4.17.4":
  version "4.17.5"
  resolved "https://registry.npmmirror.com/@types/lodash-es/download/@types/lodash-es-4.17.5.tgz#1c3fdd16849d84aea43890b1c60da379fb501353"
  integrity sha1-HD/dFoSdhK6kOJCxxg2jeftQE1M=
  dependencies:
    "@types/lodash" "*"

"@types/lodash@*", "@types/lodash@^4.14.170":
  version "4.14.178"
  resolved "https://registry.npmmirror.com/@types/lodash/download/@types/lodash-4.14.178.tgz#341f6d2247db528d4a13ddbb374bcdc80406f4f8"
  integrity sha512-0d5Wd09ItQWH1qFbEyQ7oTQ3GZrMfth5JkbN3EvTKLXcHLRDSXeLnlvlOn0wvxVIwK5o2M8JzP/OWz7T3NRsbw==

"@types/node@*":
  version "17.0.0"
  resolved "https://registry.npmmirror.com/@types/node/download/@types/node-17.0.0.tgz#62797cee3b8b497f6547503b2312254d4fe3c2bb"
  integrity sha512-eMhwJXc931Ihh4tkU+Y7GiLzT/y/DBNpNtr4yU9O2w3SYBsr9NaOPhQlLKRmoWtI54uNwuo0IOUFQjVOTZYRvw==

"@types/node@^14.14.10":
  version "14.18.0"
  resolved "https://registry.npmmirror.com/@types/node/download/@types/node-14.18.0.tgz#98df2397f6936bfbff4f089e40e06fa5dd88d32a"
  integrity sha512-0GeIl2kmVMXEnx8tg1SlG6Gg8vkqirrW752KqolYo1PHevhhZN3bhJ67qHj+bQaINhX0Ra3TlWwRvMCd9iEfNQ==

"@types/node@~14.14.31":
  version "14.14.45"
  resolved "https://registry.npmmirror.com/@types/node/download/@types/node-14.14.45.tgz#ec2dfb5566ff814d061aef7e141575aedba245cf"
  integrity sha1-7C37VWb/gU0GGu9+FBV1rtuiRc8=

"@types/yargs-parser@*":
  version "20.2.1"
  resolved "https://registry.npmmirror.com/@types/yargs-parser/download/@types/yargs-parser-20.2.1.tgz?cache=0&sync_timestamp=1637270557812&other_urls=https%3A%2F%2Fregistry.npmmirror.com%2F%40types%2Fyargs-parser%2Fdownload%2F%40types%2Fyargs-parser-20.2.1.tgz#3b9ce2489919d9e4fea439b76916abc34b2df129"
  integrity sha1-O5ziSJkZ2eT+pDm3aRarw0st8Sk=

"@types/yargs@^16.0.0":
  version "16.0.4"
  resolved "https://registry.npmmirror.com/@types/yargs/download/@types/yargs-16.0.4.tgz?cache=0&sync_timestamp=1637271118840&other_urls=https%3A%2F%2Fregistry.npmmirror.com%2F%40types%2Fyargs%2Fdownload%2F%40types%2Fyargs-16.0.4.tgz#26aad98dd2c2a38e421086ea9ad42b9e51642977"
  integrity sha1-JqrZjdLCo45CEIbqmtQrnlFkKXc=
  dependencies:
    "@types/yargs-parser" "*"

"@vitejs/plugin-vue@^2.0.0":
  version "2.0.1"
  resolved "https://registry.npmmirror.com/@vitejs/plugin-vue/download/@vitejs/plugin-vue-2.0.1.tgz#db0e5eacf96358e04cc501c9008079b25a70a4ac"
  integrity sha512-wtdMnGVvys9K8tg+DxowU1ytTrdVveXr3LzdhaKakysgGXyrsfaeds2cDywtvujEASjWOwWL/OgWM+qoeM8Plg==

"@vue/compiler-core@3.2.26":
  version "3.2.26"
  resolved "https://registry.npmmirror.com/@vue/compiler-core/download/@vue/compiler-core-3.2.26.tgz#9ab92ae624da51f7b6064f4679c2d4564f437cc8"
  integrity sha512-N5XNBobZbaASdzY9Lga2D9Lul5vdCIOXvUMd6ThcN8zgqQhPKfCV+wfAJNNJKQkSHudnYRO2gEB+lp0iN3g2Tw==
  dependencies:
    "@babel/parser" "^7.16.4"
    "@vue/shared" "3.2.26"
    estree-walker "^2.0.2"
    source-map "^0.6.1"

"@vue/compiler-dom@3.2.26":
  version "3.2.26"
  resolved "https://registry.npmmirror.com/@vue/compiler-dom/download/@vue/compiler-dom-3.2.26.tgz#c7a7b55d50a7b7981dd44fc28211df1450482667"
  integrity sha512-smBfaOW6mQDxcT3p9TKT6mE22vjxjJL50GFVJiI0chXYGU/xzC05QRGrW3HHVuJrmLTLx5zBhsZ2dIATERbarg==
  dependencies:
    "@vue/compiler-core" "3.2.26"
    "@vue/shared" "3.2.26"

"@vue/compiler-sfc@3.2.26":
  version "3.2.26"
  resolved "https://registry.npmmirror.com/@vue/compiler-sfc/download/@vue/compiler-sfc-3.2.26.tgz#3ce76677e4aa58311655a3bea9eb1cb804d2273f"
  integrity sha512-ePpnfktV90UcLdsDQUh2JdiTuhV0Skv2iYXxfNMOK/F3Q+2BO0AulcVcfoksOpTJGmhhfosWfMyEaEf0UaWpIw==
  dependencies:
    "@babel/parser" "^7.16.4"
    "@vue/compiler-core" "3.2.26"
    "@vue/compiler-dom" "3.2.26"
    "@vue/compiler-ssr" "3.2.26"
    "@vue/reactivity-transform" "3.2.26"
    "@vue/shared" "3.2.26"
    estree-walker "^2.0.2"
    magic-string "^0.25.7"
    postcss "^8.1.10"
    source-map "^0.6.1"

"@vue/compiler-ssr@3.2.26":
  version "3.2.26"
  resolved "https://registry.npmmirror.com/@vue/compiler-ssr/download/@vue/compiler-ssr-3.2.26.tgz#fd049523341fbf4ab5e88e25eef566d862894ba7"
  integrity sha512-2mywLX0ODc4Zn8qBoA2PDCsLEZfpUGZcyoFRLSOjyGGK6wDy2/5kyDOWtf0S0UvtoyVq95OTSGIALjZ4k2q/ag==
  dependencies:
    "@vue/compiler-dom" "3.2.26"
    "@vue/shared" "3.2.26"

"@vue/devtools-api@^6.0.0-beta.18":
  version "6.0.0-beta.21.1"
  resolved "https://registry.npmmirror.com/@vue/devtools-api/download/@vue/devtools-api-6.0.0-beta.21.1.tgz#f1410f53c42aa67fa3b01ca7bdba891f69d7bc97"
  integrity sha512-FqC4s3pm35qGVeXRGOjTsRzlkJjrBLriDS9YXbflHLsfA9FrcKzIyWnLXoNm+/7930E8rRakXuAc2QkC50swAw==

"@vue/reactivity-transform@3.2.26":
  version "3.2.26"
  resolved "https://registry.npmmirror.com/@vue/reactivity-transform/download/@vue/reactivity-transform-3.2.26.tgz#6d8f20a4aa2d19728f25de99962addbe7c4d03e9"
  integrity sha512-XKMyuCmzNA7nvFlYhdKwD78rcnmPb7q46uoR00zkX6yZrUmcCQ5OikiwUEVbvNhL5hBJuvbSO95jB5zkUon+eQ==
  dependencies:
    "@babel/parser" "^7.16.4"
    "@vue/compiler-core" "3.2.26"
    "@vue/shared" "3.2.26"
    estree-walker "^2.0.2"
    magic-string "^0.25.7"

"@vue/reactivity@3.2.26":
  version "3.2.26"
  resolved "https://registry.npmmirror.com/@vue/reactivity/download/@vue/reactivity-3.2.26.tgz#d529191e581521c3c12e29ef986d4c8a933a0f83"
  integrity sha512-h38bxCZLW6oFJVDlCcAiUKFnXI8xP8d+eO0pcDxx+7dQfSPje2AO6M9S9QO6MrxQB7fGP0DH0dYQ8ksf6hrXKQ==
  dependencies:
    "@vue/shared" "3.2.26"

"@vue/runtime-core@3.2.26":
  version "3.2.26"
  resolved "https://registry.npmmirror.com/@vue/runtime-core/download/@vue/runtime-core-3.2.26.tgz#5c59cc440ed7a39b6dbd4c02e2d21c8d1988f0de"
  integrity sha512-BcYi7qZ9Nn+CJDJrHQ6Zsmxei2hDW0L6AB4vPvUQGBm2fZyC0GXd/4nVbyA2ubmuhctD5RbYY8L+5GUJszv9mQ==
  dependencies:
    "@vue/reactivity" "3.2.26"
    "@vue/shared" "3.2.26"

"@vue/runtime-dom@3.2.26":
  version "3.2.26"
  resolved "https://registry.npmmirror.com/@vue/runtime-dom/download/@vue/runtime-dom-3.2.26.tgz#84d3ae2584488747717c2e072d5d9112c0d2e6c2"
  integrity sha512-dY56UIiZI+gjc4e8JQBwAifljyexfVCkIAu/WX8snh8vSOt/gMSEGwPRcl2UpYpBYeyExV8WCbgvwWRNt9cHhQ==
  dependencies:
    "@vue/runtime-core" "3.2.26"
    "@vue/shared" "3.2.26"
    csstype "^2.6.8"

"@vue/server-renderer@3.2.26":
  version "3.2.26"
  resolved "https://registry.npmmirror.com/@vue/server-renderer/download/@vue/server-renderer-3.2.26.tgz#f16a4b9fbcc917417b4cea70c99afce2701341cf"
  integrity sha512-Jp5SggDUvvUYSBIvYEhy76t4nr1vapY/FIFloWmQzn7UxqaHrrBpbxrqPcTrSgGrcaglj0VBp22BKJNre4aA1w==
  dependencies:
    "@vue/compiler-ssr" "3.2.26"
    "@vue/shared" "3.2.26"

"@vue/shared@3.2.26":
  version "3.2.26"
  resolved "https://registry.npmmirror.com/@vue/shared/download/@vue/shared-3.2.26.tgz#7acd1621783571b9a82eca1f041b4a0a983481d9"
  integrity sha512-vPV6Cq+NIWbH5pZu+V+2QHE9y1qfuTq49uNWw4f7FDEeZaDU2H2cx5jcUZOAKW7qTrUS4k6qZPbMy1x4N96nbA==

"@vueuse/core@^7.4.1":
  version "7.4.1"
  resolved "https://registry.npmmirror.com/@vueuse/core/download/@vueuse/core-7.4.1.tgz#81ede3f67dfd58af8284c910ac2fee25458892c6"
  integrity sha512-8UeLPCAieeQLXFHF1/28SIEK6ILLPb/4hp03hR+xkXF00gB/YUp0CEVcRAL9uQ8HTZa3S2T/jTISMc1ZjilM0A==
  dependencies:
    "@vueuse/shared" "7.4.1"
    vue-demi "*"

"@vueuse/shared@7.4.1":
  version "7.4.1"
  resolved "https://registry.npmmirror.com/@vueuse/shared/download/@vueuse/shared-7.4.1.tgz#0aa090147fbd66ba56334ada1ffa2dafab815c1b"
  integrity sha512-Pzb7XoHIcgPwwBJ5Ow9lZb0HTDyaLDV3pgxKauPGTMN9qvEylG06kUG+VTjJXkPsRtiGu46di8XyFeMw2dongA==
  dependencies:
    vue-demi "*"

ansi-regex@^5.0.1:
  version "5.0.1"
  resolved "https://registry.nlark.com/ansi-regex/download/ansi-regex-5.0.1.tgz?cache=0&sync_timestamp=1631634988487&other_urls=https%3A%2F%2Fregistry.nlark.com%2Fansi-regex%2Fdownload%2Fansi-regex-5.0.1.tgz#082cb2c89c9fe8659a311a53bd6a4dc5301db304"
  integrity sha1-CCyyyJyf6GWaMRpTvWpNxTAdswQ=

ansi-styles@^4.1.0:
  version "4.3.0"
  resolved "https://registry.nlark.com/ansi-styles/download/ansi-styles-4.3.0.tgz#edd803628ae71c04c85ae7a0906edad34b648937"
  integrity sha1-7dgDYornHATIWuegkG7a00tkiTc=
  dependencies:
    color-convert "^2.0.1"

ansi-styles@^5.0.0:
  version "5.2.0"
  resolved "https://registry.nlark.com/ansi-styles/download/ansi-styles-5.2.0.tgz#07449690ad45777d1924ac2abb2fc8895dba836b"
  integrity sha1-B0SWkK1Fd30ZJKwquy/IiV26g2s=

async-validator@^4.0.1:
  version "4.0.7"
  resolved "https://registry.npmmirror.com/async-validator/download/async-validator-4.0.7.tgz?cache=0&sync_timestamp=1634529574100&other_urls=https%3A%2F%2Fregistry.npmmirror.com%2Fasync-validator%2Fdownload%2Fasync-validator-4.0.7.tgz#034a0fd2103a6b2ebf010da75183bec299247afe"
  integrity sha1-A0oP0hA6ay6/AQ2nUYO+wpkkev4=

chalk@^4.0.0:
  version "4.1.2"
  resolved "https://registry.npmmirror.com/chalk/download/chalk-4.1.2.tgz#aac4e2b7734a740867aeb16bf02aad556a1e7a01"
  integrity sha1-qsTit3NKdAhnrrFr8CqtVWoeegE=
  dependencies:
    ansi-styles "^4.1.0"
    supports-color "^7.1.0"

color-convert@^2.0.1:
  version "2.0.1"
  resolved "https://registry.npm.taobao.org/color-convert/download/color-convert-2.0.1.tgz#72d3a68d598c9bdb3af2ad1e84f21d896abd4de3"
  integrity sha1-ctOmjVmMm9s68q0ehPIdiWq9TeM=
  dependencies:
    color-name "~1.1.4"

color-name@~1.1.4:
  version "1.1.4"
  resolved "https://registry.npm.taobao.org/color-name/download/color-name-1.1.4.tgz#c2a09a87acbde69543de6f63fa3995c826c536a2"
  integrity sha1-wqCah6y95pVD3m9j+jmVyCbFNqI=

copy-anything@^2.0.1:
  version "2.0.3"
  resolved "https://registry.nlark.com/copy-anything/download/copy-anything-2.0.3.tgz#842407ba02466b0df844819bbe3baebbe5d45d87"
  integrity sha1-hCQHugJGaw34RIGbvjuuu+XUXYc=
  dependencies:
    is-what "^3.12.0"

css-render@^0.15.3, css-render@^0.15.6, css-render@~0.15.6:
  version "0.15.6"
  resolved "https://registry.nlark.com/css-render/download/css-render-0.15.6.tgz#93b778ffc38120f8cd4e135941f0d76ee4c1b783"
  integrity sha1-k7d4/8OBIPjNThNZQfDXbuTBt4M=
  dependencies:
    "@emotion/hash" "~0.8.0"
    "@types/node" "~14.14.31"
    csstype "~3.0.5"

csstype@^2.6.8:
  version "2.6.19"
  resolved "https://registry.npmmirror.com/csstype/download/csstype-2.6.19.tgz?cache=0&sync_timestamp=1637224514674&other_urls=https%3A%2F%2Fregistry.npmmirror.com%2Fcsstype%2Fdownload%2Fcsstype-2.6.19.tgz#feeb5aae89020bb389e1f63669a5ed490e391caa"
  integrity sha512-ZVxXaNy28/k3kJg0Fou5MiYpp88j7H9hLZp8PDC3jV0WFjfH5E9xHb56L0W59cPbKbcHXeP4qyT8PrHp8t6LcQ==

csstype@~3.0.5:
  version "3.0.10"
  resolved "https://registry.npmmirror.com/csstype/download/csstype-3.0.10.tgz?cache=0&sync_timestamp=1637224514674&other_urls=https%3A%2F%2Fregistry.npmmirror.com%2Fcsstype%2Fdownload%2Fcsstype-3.0.10.tgz#2ad3a7bed70f35b965707c092e5f30b327c290e5"
  integrity sha512-2u44ZG2OcNUO9HDp/Jl8C07x6pU/eTR3ncV91SiK3dhG9TWvRVsCoJw14Ckx5DgWkzGA3waZWO3d7pgqpUI/XA==

date-fns-tz@^1.1.6:
  version "1.1.6"
  resolved "https://registry.nlark.com/date-fns-tz/download/date-fns-tz-1.1.6.tgz#93cbf354e2aeb2cd312ffa32e462c1943cf20a8e"
  integrity sha1-k8vzVOKuss0xL/oy5GLBlDzyCo4=

date-fns@^2.27.0:
  version "2.27.0"
  resolved "https://registry.npmmirror.com/date-fns/download/date-fns-2.27.0.tgz#e1ff3c3ddbbab8a2eaadbb6106be2929a5a2d92b"
  integrity sha512-sj+J0Mo2p2X1e306MHq282WS4/A8Pz/95GIFcsPNMPMZVI3EUrAdSv90al1k+p74WGLCruMXk23bfEDZa71X9Q==

debug@^3.2.6:
  version "3.2.7"
  resolved "https://registry.npmmirror.com/debug/download/debug-3.2.7.tgz#72580b7e9145fb39b6676f9c5e5fb100b934179a"
  integrity sha512-CFjzYYAi4ThfiQvizrFQevTTXHtnCqWfe7x1AhgEscTz6ZbLbfoLRLPugTQyBth6f8ZERVUSyWHFD/7Wu4t1XQ==
  dependencies:
    ms "^2.1.1"

diff-sequences@^27.4.0:
  version "27.4.0"
  resolved "https://registry.npmmirror.com/diff-sequences/download/diff-sequences-27.4.0.tgz#d783920ad8d06ec718a060d00196dfef25b132a5"
  integrity sha512-YqiQzkrsmHMH5uuh8OdQFU9/ZpADnwzml8z0O5HvRNda+5UZsaX/xN+AAxfR2hWq1Y7HZnAzO9J5lJXOuDz2Ww==

errno@^0.1.1:
  version "0.1.8"
  resolved "https://registry.nlark.com/errno/download/errno-0.1.8.tgz#8bb3e9c7d463be4976ff888f76b4809ebc2e811f"
  integrity sha1-i7Ppx9Rjvkl2/4iPdrSAnrwugR8=
  dependencies:
    prr "~1.0.1"

esbuild-android-arm64@0.13.15:
  version "0.13.15"
  resolved "https://registry.npmmirror.com/esbuild-android-arm64/download/esbuild-android-arm64-0.13.15.tgz#3fc3ff0bab76fe35dd237476b5d2b32bb20a3d44"
  integrity sha512-m602nft/XXeO8YQPUDVoHfjyRVPdPgjyyXOxZ44MK/agewFFkPa8tUo6lAzSWh5Ui5PB4KR9UIFTSBKh/RrCmg==

esbuild-darwin-64@0.13.15:
  version "0.13.15"
  resolved "https://registry.npmmirror.com/esbuild-darwin-64/download/esbuild-darwin-64-0.13.15.tgz#8e9169c16baf444eacec60d09b24d11b255a8e72"
  integrity sha512-ihOQRGs2yyp7t5bArCwnvn2Atr6X4axqPpEdCFPVp7iUj4cVSdisgvEKdNR7yH3JDjW6aQDw40iQFoTqejqxvQ==

esbuild-darwin-arm64@0.13.15:
  version "0.13.15"
  resolved "https://registry.npmmirror.com/esbuild-darwin-arm64/download/esbuild-darwin-arm64-0.13.15.tgz#1b07f893b632114f805e188ddfca41b2b778229a"
  integrity sha512-i1FZssTVxUqNlJ6cBTj5YQj4imWy3m49RZRnHhLpefFIh0To05ow9DTrXROTE1urGTQCloFUXTX8QfGJy1P8dQ==

esbuild-freebsd-64@0.13.15:
  version "0.13.15"
  resolved "https://registry.npmmirror.com/esbuild-freebsd-64/download/esbuild-freebsd-64-0.13.15.tgz#0b8b7eca1690c8ec94c75680c38c07269c1f4a85"
  integrity sha512-G3dLBXUI6lC6Z09/x+WtXBXbOYQZ0E8TDBqvn7aMaOCzryJs8LyVXKY4CPnHFXZAbSwkCbqiPuSQ1+HhrNk7EA==

esbuild-freebsd-arm64@0.13.15:
  version "0.13.15"
  resolved "https://registry.npmmirror.com/esbuild-freebsd-arm64/download/esbuild-freebsd-arm64-0.13.15.tgz#2e1a6c696bfdcd20a99578b76350b41db1934e52"
  integrity sha512-KJx0fzEDf1uhNOZQStV4ujg30WlnwqUASaGSFPhznLM/bbheu9HhqZ6mJJZM32lkyfGJikw0jg7v3S0oAvtvQQ==

esbuild-linux-32@0.13.15:
  version "0.13.15"
  resolved "https://registry.npmmirror.com/esbuild-linux-32/download/esbuild-linux-32-0.13.15.tgz#6fd39f36fc66dd45b6b5f515728c7bbebc342a69"
  integrity sha512-ZvTBPk0YWCLMCXiFmD5EUtB30zIPvC5Itxz0mdTu/xZBbbHJftQgLWY49wEPSn2T/TxahYCRDWun5smRa0Tu+g==

esbuild-linux-64@0.13.15:
  version "0.13.15"
  resolved "https://registry.npmmirror.com/esbuild-linux-64/download/esbuild-linux-64-0.13.15.tgz#9cb8e4bcd7574e67946e4ee5f1f1e12386bb6dd3"
  integrity sha512-eCKzkNSLywNeQTRBxJRQ0jxRCl2YWdMB3+PkWFo2BBQYC5mISLIVIjThNtn6HUNqua1pnvgP5xX0nHbZbPj5oA==

esbuild-linux-arm64@0.13.15:
  version "0.13.15"
  resolved "https://registry.npmmirror.com/esbuild-linux-arm64/download/esbuild-linux-arm64-0.13.15.tgz#3891aa3704ec579a1b92d2a586122e5b6a2bfba1"
  integrity sha512-bYpuUlN6qYU9slzr/ltyLTR9YTBS7qUDymO8SV7kjeNext61OdmqFAzuVZom+OLW1HPHseBfJ/JfdSlx8oTUoA==

esbuild-linux-arm@0.13.15:
  version "0.13.15"
  resolved "https://registry.npmmirror.com/esbuild-linux-arm/download/esbuild-linux-arm-0.13.15.tgz#8a00e99e6a0c6c9a6b7f334841364d8a2b4aecfe"
  integrity sha512-wUHttDi/ol0tD8ZgUMDH8Ef7IbDX+/UsWJOXaAyTdkT7Yy9ZBqPg8bgB/Dn3CZ9SBpNieozrPRHm0BGww7W/jA==

esbuild-linux-mips64le@0.13.15:
  version "0.13.15"
  resolved "https://registry.npmmirror.com/esbuild-linux-mips64le/download/esbuild-linux-mips64le-0.13.15.tgz#36b07cc47c3d21e48db3bb1f4d9ef8f46aead4f7"
  integrity sha512-KlVjIG828uFPyJkO/8gKwy9RbXhCEUeFsCGOJBepUlpa7G8/SeZgncUEz/tOOUJTcWMTmFMtdd3GElGyAtbSWg==

esbuild-linux-ppc64le@0.13.15:
  version "0.13.15"
  resolved "https://registry.npmmirror.com/esbuild-linux-ppc64le/download/esbuild-linux-ppc64le-0.13.15.tgz#f7e6bba40b9a11eb9dcae5b01550ea04670edad2"
  integrity sha512-h6gYF+OsaqEuBjeesTBtUPw0bmiDu7eAeuc2OEH9S6mV9/jPhPdhOWzdeshb0BskRZxPhxPOjqZ+/OqLcxQwEQ==

esbuild-netbsd-64@0.13.15:
  version "0.13.15"
  resolved "https://registry.npmmirror.com/esbuild-netbsd-64/download/esbuild-netbsd-64-0.13.15.tgz#a2fedc549c2b629d580a732d840712b08d440038"
  integrity sha512-3+yE9emwoevLMyvu+iR3rsa+Xwhie7ZEHMGDQ6dkqP/ndFzRHkobHUKTe+NCApSqG5ce2z4rFu+NX/UHnxlh3w==

esbuild-openbsd-64@0.13.15:
  version "0.13.15"
  resolved "https://registry.npmmirror.com/esbuild-openbsd-64/download/esbuild-openbsd-64-0.13.15.tgz#b22c0e5806d3a1fbf0325872037f885306b05cd7"
  integrity sha512-wTfvtwYJYAFL1fSs8yHIdf5GEE4NkbtbXtjLWjM3Cw8mmQKqsg8kTiqJ9NJQe5NX/5Qlo7Xd9r1yKMMkHllp5g==

esbuild-sunos-64@0.13.15:
  version "0.13.15"
  resolved "https://registry.npmmirror.com/esbuild-sunos-64/download/esbuild-sunos-64-0.13.15.tgz#d0b6454a88375ee8d3964daeff55c85c91c7cef4"
  integrity sha512-lbivT9Bx3t1iWWrSnGyBP9ODriEvWDRiweAs69vI+miJoeKwHWOComSRukttbuzjZ8r1q0mQJ8Z7yUsDJ3hKdw==

esbuild-windows-32@0.13.15:
  version "0.13.15"
  resolved "https://registry.npmmirror.com/esbuild-windows-32/download/esbuild-windows-32-0.13.15.tgz#c96d0b9bbb52f3303322582ef8e4847c5ad375a7"
  integrity sha512-fDMEf2g3SsJ599MBr50cY5ve5lP1wyVwTe6aLJsM01KtxyKkB4UT+fc5MXQFn3RLrAIAZOG+tHC+yXObpSn7Nw==

esbuild-windows-64@0.13.15:
  version "0.13.15"
  resolved "https://registry.npmmirror.com/esbuild-windows-64/download/esbuild-windows-64-0.13.15.tgz#1f79cb9b1e1bb02fb25cd414cb90d4ea2892c294"
  integrity sha512-9aMsPRGDWCd3bGjUIKG/ZOJPKsiztlxl/Q3C1XDswO6eNX/Jtwu4M+jb6YDH9hRSUflQWX0XKAfWzgy5Wk54JQ==

esbuild-windows-arm64@0.13.15:
  version "0.13.15"
  resolved "https://registry.npmmirror.com/esbuild-windows-arm64/download/esbuild-windows-arm64-0.13.15.tgz#482173070810df22a752c686509c370c3be3b3c3"
  integrity sha512-zzvyCVVpbwQQATaf3IG8mu1IwGEiDxKkYUdA4FpoCHi1KtPa13jeScYDjlW0Qh+ebWzpKfR2ZwvqAQkSWNcKjA==

esbuild@^0.13.12:
  version "0.13.15"
  resolved "https://registry.npmmirror.com/esbuild/download/esbuild-0.13.15.tgz#db56a88166ee373f87dbb2d8798ff449e0450cdf"
  integrity sha512-raCxt02HBKv8RJxE8vkTSCXGIyKHdEdGfUmiYb8wnabnaEmHzyW7DCHb5tEN0xU8ryqg5xw54mcwnYkC4x3AIw==
  optionalDependencies:
    esbuild-android-arm64 "0.13.15"
    esbuild-darwin-64 "0.13.15"
    esbuild-darwin-arm64 "0.13.15"
    esbuild-freebsd-64 "0.13.15"
    esbuild-freebsd-arm64 "0.13.15"
    esbuild-linux-32 "0.13.15"
    esbuild-linux-64 "0.13.15"
    esbuild-linux-arm "0.13.15"
    esbuild-linux-arm64 "0.13.15"
    esbuild-linux-mips64le "0.13.15"
    esbuild-linux-ppc64le "0.13.15"
    esbuild-netbsd-64 "0.13.15"
    esbuild-openbsd-64 "0.13.15"
    esbuild-sunos-64 "0.13.15"
    esbuild-windows-32 "0.13.15"
    esbuild-windows-64 "0.13.15"
    esbuild-windows-arm64 "0.13.15"

estree-walker@^2.0.2:
  version "2.0.2"
  resolved "https://registry.npm.taobao.org/estree-walker/download/estree-walker-2.0.2.tgz?cache=0&sync_timestamp=1611956983677&other_urls=https%3A%2F%2Fregistry.npm.taobao.org%2Festree-walker%2Fdownload%2Festree-walker-2.0.2.tgz#52f010178c2a4c117a7757cfe942adb7d2da4cac"
  integrity sha1-UvAQF4wqTBF6d1fP6UKtt9LaTKw=

evtd@^0.2.2, evtd@^0.2.3:
  version "0.2.3"
  resolved "https://registry.npmmirror.com/evtd/download/evtd-0.2.3.tgz#185158d533b4440ee831a0fa0cffde16e8bda504"
  integrity sha512-tmiT1YUVqFjTY+BSBOAskL83xNx41iUfpvKP6Gcd/xMHjg3mnER98jXGXJyKnxCG19uPc6EhZiUC+MUyvoqCtw==

fsevents@~2.3.2:
  version "2.3.2"
  resolved "https://registry.npmmirror.com/fsevents/download/fsevents-2.3.2.tgz#8a526f78b8fdf4623b709e0b975c52c24c02fd1a"
  integrity sha1-ilJveLj99GI7cJ4Ll1xSwkwC/Ro=

function-bind@^1.1.1:
  version "1.1.1"
  resolved "https://registry.npm.taobao.org/function-bind/download/function-bind-1.1.1.tgz#a56899d3ea3c9bab874bb9773b7c5ede92f4895d"
  integrity sha1-pWiZ0+o8m6uHS7l3O3xe3pL0iV0=

graceful-fs@^4.1.2:
  version "4.2.8"
  resolved "https://registry.npmmirror.com/graceful-fs/download/graceful-fs-4.2.8.tgz#e412b8d33f5e006593cbd3cee6df9f2cebbe802a"
  integrity sha1-5BK40z9eAGWTy9PO5t+fLOu+gCo=

has-flag@^4.0.0:
  version "4.0.0"
  resolved "https://registry.nlark.com/has-flag/download/has-flag-4.0.0.tgz#944771fd9c81c81265c4d6941860da06bb59479b"
  integrity sha1-lEdx/ZyByBJlxNaUGGDaBrtZR5s=

has@^1.0.3:
  version "1.0.3"
  resolved "https://registry.nlark.com/has/download/has-1.0.3.tgz#722d7cbfc1f6aa8241f16dd814e011e1f41e8796"
  integrity sha1-ci18v8H2qoJB8W3YFOAR4fQeh5Y=
  dependencies:
    function-bind "^1.1.1"

highlight.js@^11.0.1:
  version "11.3.1"
  resolved "https://registry.npmmirror.com/highlight.js/download/highlight.js-11.3.1.tgz#813078ef3aa519c61700f84fe9047231c5dc3291"
  integrity sha1-gTB47zqlGcYXAPhP6QRyMcXcMpE=

iconv-lite@^0.4.4:
  version "0.4.24"
  resolved "https://registry.nlark.com/iconv-lite/download/iconv-lite-0.4.24.tgz?cache=0&sync_timestamp=1621826342262&other_urls=https%3A%2F%2Fregistry.nlark.com%2Ficonv-lite%2Fdownload%2Ficonv-lite-0.4.24.tgz#2022b4b25fbddc21d2f524974a474aafe733908b"
  integrity sha1-ICK0sl+93CHS9SSXSkdKr+czkIs=
  dependencies:
    safer-buffer ">= 2.1.2 < 3"

image-size@~0.5.0:
  version "0.5.5"
  resolved "https://registry.nlark.com/image-size/download/image-size-0.5.5.tgz#09dfd4ab9d20e29eb1c3e80b8990378df9e3cb9c"
  integrity sha1-Cd/Uq50g4p6xw+gLiZA3jfnjy5w=

is-core-module@^2.2.0:
  version "2.8.0"
  resolved "https://registry.npmmirror.com/is-core-module/download/is-core-module-2.8.0.tgz?cache=0&other_urls=https%3A%2F%2Fregistry.npmmirror.com%2Fis-core-module%2Fdownload%2Fis-core-module-2.8.0.tgz#0321336c3d0925e497fd97f5d95cb114a5ccd548"
  integrity sha1-AyEzbD0JJeSX/Zf12VyxFKXM1Ug=
  dependencies:
    has "^1.0.3"

is-what@^3.12.0:
  version "3.14.1"
  resolved "https://registry.npmmirror.com/is-what/download/is-what-3.14.1.tgz?cache=0&sync_timestamp=1634283360064&other_urls=https%3A%2F%2Fregistry.npmmirror.com%2Fis-what%2Fdownload%2Fis-what-3.14.1.tgz#e1222f46ddda85dead0fd1c9df131760e77755c1"
  integrity sha1-4SIvRt3ahd6tD9HJ3xMXYOd3VcE=

jest-diff@^27.0.0:
  version "27.4.2"
  resolved "https://registry.npmmirror.com/jest-diff/download/jest-diff-27.4.2.tgz#786b2a5211d854f848e2dcc1e324448e9481f36f"
  integrity sha512-ujc9ToyUZDh9KcqvQDkk/gkbf6zSaeEg9AiBxtttXW59H/AcqEYp1ciXAtJp+jXWva5nAf/ePtSsgWwE5mqp4Q==
  dependencies:
    chalk "^4.0.0"
    diff-sequences "^27.4.0"
    jest-get-type "^27.4.0"
    pretty-format "^27.4.2"

jest-get-type@^27.4.0:
  version "27.4.0"
  resolved "https://registry.npmmirror.com/jest-get-type/download/jest-get-type-27.4.0.tgz#7503d2663fffa431638337b3998d39c5e928e9b5"
  integrity sha512-tk9o+ld5TWq41DkK14L4wox4s2D9MtTpKaAVzXfr5CUKm5ZK2ExcaFE0qls2W71zE/6R2TxxrK9w2r6svAFDBQ==

klona@^2.0.4:
  version "2.0.5"
  resolved "https://registry.npmmirror.com/klona/download/klona-2.0.5.tgz?cache=0&sync_timestamp=1635385383825&other_urls=https%3A%2F%2Fregistry.npmmirror.com%2Fklona%2Fdownload%2Fklona-2.0.5.tgz#d166574d90076395d9963aa7a928fabb8d76afbc"
  integrity sha1-0WZXTZAHY5XZljqnqSj6u412r7w=

less-loader@^10.2.0:
  version "10.2.0"
  resolved "https://registry.npmmirror.com/less-loader/download/less-loader-10.2.0.tgz#97286d8797dc3dc05b1d16b0ecec5f968bdd4e32"
  integrity sha1-lyhth5fcPcBbHRaw7OxflovdTjI=
  dependencies:
    klona "^2.0.4"

less@^4.1.2:
  version "4.1.2"
  resolved "https://registry.npmmirror.com/less/download/less-4.1.2.tgz#6099ee584999750c2624b65f80145f8674e4b4b0"
  integrity sha512-EoQp/Et7OSOVu0aJknJOtlXZsnr8XE8KwuzTHOLeVSEx8pVWUICc8Q0VYRHgzyjX78nMEyC/oztWFbgyhtNfDA==
  dependencies:
    copy-anything "^2.0.1"
    parse-node-version "^1.0.1"
    tslib "^2.3.0"
  optionalDependencies:
    errno "^0.1.1"
    graceful-fs "^4.1.2"
    image-size "~0.5.0"
    make-dir "^2.1.0"
    mime "^1.4.1"
    needle "^2.5.2"
    source-map "~0.6.0"

lodash-es@^4.17.21:
  version "4.17.21"
  resolved "https://registry.nlark.com/lodash-es/download/lodash-es-4.17.21.tgz#43e626c46e6591b7750beb2b50117390c609e3ee"
  integrity sha1-Q+YmxG5lkbd1C+srUBFzkMYJ4+4=

lodash@^4.17.21:
  version "4.17.21"
  resolved "https://registry.nlark.com/lodash/download/lodash-4.17.21.tgz#679591c564c3bffaae8454cf0b3df370c3d6911c"
  integrity sha1-Z5WRxWTDv/quhFTPCz3zcMPWkRw=

magic-string@^0.25.7:
  version "0.25.7"
  resolved "https://registry.nlark.com/magic-string/download/magic-string-0.25.7.tgz#3f497d6fd34c669c6798dcb821f2ef31f5445051"
  integrity sha1-P0l9b9NMZpxnmNy4IfLvMfVEUFE=
  dependencies:
    sourcemap-codec "^1.4.4"

make-dir@^2.1.0:
  version "2.1.0"
  resolved "https://registry.npm.taobao.org/make-dir/download/make-dir-2.1.0.tgz#5f0310e18b8be898cc07009295a30ae41e91e6f5"
  integrity sha1-XwMQ4YuL6JjMBwCSlaMK5B6R5vU=
  dependencies:
    pify "^4.0.1"
    semver "^5.6.0"

mime@^1.4.1:
  version "1.6.0"
  resolved "https://registry.npmmirror.com/mime/download/mime-1.6.0.tgz#32cd9e5c64553bd58d19a568af452acff04981b1"
  integrity sha1-Ms2eXGRVO9WNGaVor0Uqz/BJgbE=

ms@^2.1.1:
  version "2.1.3"
  resolved "https://registry.npmmirror.com/ms/download/ms-2.1.3.tgz#574c8138ce1d2b5861f0b44579dbadd60c6615b2"
  integrity sha1-V0yBOM4dK1hh8LRFedut1gxmFbI=

naive-ui@^2.22.0:
  version "2.22.0"
  resolved "https://registry.npmmirror.com/naive-ui/download/naive-ui-2.22.0.tgz#9085ebfd8983e4043fe3b6b73284508a565a15a3"
  integrity sha512-nBGSocnmKGXXvyJB65Fa4BXdQZqQ7qffNrmNOo0NX6o1pd9cTimJJDdiGzVsPd1pyD2nTlfvOkddQLMOJZ9Zhw==
  dependencies:
    "@css-render/plugin-bem" "^0.15.6"
    "@css-render/vue3-ssr" "^0.15.6"
    "@types/lodash" "^4.14.170"
    "@types/lodash-es" "^4.17.4"
    async-validator "^4.0.1"
    css-render "^0.15.6"
    date-fns "^2.27.0"
    date-fns-tz "^1.1.6"
    evtd "^0.2.3"
    highlight.js "^11.0.1"
    lodash "^4.17.21"
    lodash-es "^4.17.21"
    seemly "^0.3.3"
    treemate "^0.3.9"
    vdirs "^0.1.4"
    vfonts "^0.1.0"
    vooks "^0.2.10"
    vueuc "^0.4.18"

nanoid@^3.1.30:
  version "3.1.30"
  resolved "https://registry.npmmirror.com/nanoid/download/nanoid-3.1.30.tgz#63f93cc548d2a113dc5dfbc63bfa09e2b9b64362"
  integrity sha1-Y/k8xUjSoRPcXfvGO/oJ4rm2Q2I=

needle@^2.5.2:
  version "2.9.1"
  resolved "https://registry.nlark.com/needle/download/needle-2.9.1.tgz?cache=0&sync_timestamp=1630674795023&other_urls=https%3A%2F%2Fregistry.nlark.com%2Fneedle%2Fdownload%2Fneedle-2.9.1.tgz#22d1dffbe3490c2b83e301f7709b6736cd8f2684"
  integrity sha1-ItHf++NJDCuD4wH3cJtnNs2PJoQ=
  dependencies:
    debug "^3.2.6"
    iconv-lite "^0.4.4"
    sax "^1.2.4"

parse-node-version@^1.0.1:
  version "1.0.1"
  resolved "https://registry.npmmirror.com/parse-node-version/download/parse-node-version-1.0.1.tgz#e2b5dbede00e7fa9bc363607f53327e8b073189b"
  integrity sha1-4rXb7eAOf6m8NjYH9TMn6LBzGJs=

path-parse@^1.0.6:
  version "1.0.7"
  resolved "https://registry.npmmirror.com/path-parse/download/path-parse-1.0.7.tgz#fbc114b60ca42b30d9daf5858e4bd68bbedb6735"
  integrity sha1-+8EUtgykKzDZ2vWFjkvWi77bZzU=

picocolors@^1.0.0:
  version "1.0.0"
  resolved "https://registry.npmmirror.com/picocolors/download/picocolors-1.0.0.tgz?cache=0&sync_timestamp=1634093442271&other_urls=https%3A%2F%2Fregistry.npmmirror.com%2Fpicocolors%2Fdownload%2Fpicocolors-1.0.0.tgz#cb5bdc74ff3f51892236eaf79d68bc44564ab81c"
  integrity sha1-y1vcdP8/UYkiNur3nWi8RFZKuBw=

pify@^4.0.1:
  version "4.0.1"
  resolved "https://registry.npm.taobao.org/pify/download/pify-4.0.1.tgz#4b2cd25c50d598735c50292224fd8c6df41e3231"
  integrity sha1-SyzSXFDVmHNcUCkiJP2MbfQeMjE=

postcss@^8.1.10, postcss@^8.3.11:
  version "8.4.5"
  resolved "https://registry.npmmirror.com/postcss/download/postcss-8.4.5.tgz#bae665764dfd4c6fcc24dc0fdf7e7aa00cc77f95"
  integrity sha512-jBDboWM8qpaqwkMwItqTQTiFikhs/67OYVvblFFTM7MrZjt6yMKd6r2kgXizEbTTljacm4NldIlZnhbjr84QYg==
  dependencies:
    nanoid "^3.1.30"
    picocolors "^1.0.0"
    source-map-js "^1.0.1"

pretty-format@^27.0.0, pretty-format@^27.4.2:
  version "27.4.2"
  resolved "https://registry.npmmirror.com/pretty-format/download/pretty-format-27.4.2.tgz#e4ce92ad66c3888423d332b40477c87d1dac1fb8"
  integrity sha512-p0wNtJ9oLuvgOQDEIZ9zQjZffK7KtyR6Si0jnXULIDwrlNF8Cuir3AZP0hHv0jmKuNN/edOnbMjnzd4uTcmWiw==
  dependencies:
    "@jest/types" "^27.4.2"
    ansi-regex "^5.0.1"
    ansi-styles "^5.0.0"
    react-is "^17.0.1"

prr@~1.0.1:
  version "1.0.1"
  resolved "https://registry.nlark.com/prr/download/prr-1.0.1.tgz#d3fc114ba06995a45ec6893f484ceb1d78f5f476"
  integrity sha1-0/wRS6BplaRexok/SEzrHXj19HY=

react-is@^17.0.1:
  version "17.0.2"
  resolved "https://registry.npmmirror.com/react-is/download/react-is-17.0.2.tgz#e691d4a8e9c789365655539ab372762b0efb54f0"
  integrity sha1-5pHUqOnHiTZWVVOas3J2Kw77VPA=

resize-observer-polyfill@^1.5.1:
  version "1.5.1"
  resolved "https://registry.nlark.com/resize-observer-polyfill/download/resize-observer-polyfill-1.5.1.tgz#0e9020dd3d21024458d4ebd27e23e40269810464"
  integrity sha1-DpAg3T0hAkRY1OvSfiPkAmmBBGQ=

resolve@^1.20.0:
  version "1.20.0"
  resolved "https://registry.nlark.com/resolve/download/resolve-1.20.0.tgz?cache=0&sync_timestamp=1618846903792&other_urls=https%3A%2F%2Fregistry.nlark.com%2Fresolve%2Fdownload%2Fresolve-1.20.0.tgz#629a013fb3f70755d6f0b7935cc1c2c5378b1975"
  integrity sha1-YpoBP7P3B1XW8LeTXMHCxTeLGXU=
  dependencies:
    is-core-module "^2.2.0"
    path-parse "^1.0.6"

rollup@^2.59.0:
  version "2.61.1"
  resolved "https://registry.npmmirror.com/rollup/download/rollup-2.61.1.tgz#1a5491f84543cf9e4caf6c61222d9a3f8f2ba454"
  integrity sha512-BbTXlEvB8d+XFbK/7E5doIcRtxWPRiqr0eb5vQ0+2paMM04Ye4PZY5nHOQef2ix24l/L0SpLd5hwcH15QHPdvA==
  optionalDependencies:
    fsevents "~2.3.2"

"safer-buffer@>= 2.1.2 < 3":
  version "2.1.2"
  resolved "https://registry.nlark.com/safer-buffer/download/safer-buffer-2.1.2.tgz#44fa161b0187b9549dd84bb91802f9bd8385cd6a"
  integrity sha1-RPoWGwGHuVSd2Eu5GAL5vYOFzWo=

sax@^1.2.4:
  version "1.2.4"
  resolved "https://registry.nlark.com/sax/download/sax-1.2.4.tgz#2816234e2378bddc4e5354fab5caa895df7100d9"
  integrity sha1-KBYjTiN4vdxOU1T6tcqold9xANk=

seemly@^0.3.1, seemly@^0.3.3:
  version "0.3.3"
  resolved "https://registry.npmmirror.com/seemly/download/seemly-0.3.3.tgz#a6482f374e042f873f63dc7622cb1529c251574e"
  integrity sha512-mAyqemz41e9HiZPMXAn7NtTExJgztwco5cdZjrt/iViU/oFeav+Q8K1c93M/tIZZ00QkT65JMr4xXQk7Vv5hWQ==
  dependencies:
    "@types/jest" "^27.0.1"

semver@^5.6.0:
  version "5.7.1"
  resolved "https://registry.npm.taobao.org/semver/download/semver-5.7.1.tgz#a954f931aeba508d307bbf069eff0c01c96116f7"
  integrity sha1-qVT5Ma66UI0we78Gnv8MAclhFvc=

source-map-js@^1.0.1:
  version "1.0.1"
  resolved "https://registry.npmmirror.com/source-map-js/download/source-map-js-1.0.1.tgz?cache=0&sync_timestamp=1636400772640&other_urls=https%3A%2F%2Fregistry.npmmirror.com%2Fsource-map-js%2Fdownload%2Fsource-map-js-1.0.1.tgz#a1741c131e3c77d048252adfa24e23b908670caf"
  integrity sha512-4+TN2b3tqOCd/kaGRJ/sTYA0tR0mdXx26ipdolxcwtJVqEnqNYvlCAt1q3ypy4QMlYus+Zh34RNtYLoq2oQ4IA==

source-map@^0.6.1, source-map@~0.6.0:
  version "0.6.1"
  resolved "https://registry.nlark.com/source-map/download/source-map-0.6.1.tgz#74722af32e9614e9c287a8d0bbde48b5e2f1a263"
  integrity sha1-dHIq8y6WFOnCh6jQu95IteLxomM=

sourcemap-codec@^1.4.4:
  version "1.4.8"
  resolved "https://registry.npmmirror.com/sourcemap-codec/download/sourcemap-codec-1.4.8.tgz#ea804bd94857402e6992d05a38ef1ae35a9ab4c4"
  integrity sha1-6oBL2UhXQC5pktBaOO8a41qatMQ=

supports-color@^7.1.0:
  version "7.2.0"
  resolved "https://registry.npmmirror.com/supports-color/download/supports-color-7.2.0.tgz#1b7dcdcb32b8138801b3e478ba6a51caa89648da"
  integrity sha1-G33NyzK4E4gBs+R4umpRyqiWSNo=
  dependencies:
    has-flag "^4.0.0"

treemate@^0.3.9:
  version "0.3.9"
  resolved "https://registry.npmmirror.com/treemate/download/treemate-0.3.9.tgz#62d207a03eda479ec20889779f4a00d33fe98e24"
  integrity sha512-/TE70ZXKy5s91EIM+Law46emnD50XmsKl6vlSjPt0XZnGtTgUS0qw3EDyC651CJYdkdpsMgW0HVpbH0xhpBjew==

tslib@^2.3.0:
  version "2.3.1"
  resolved "https://registry.nlark.com/tslib/download/tslib-2.3.1.tgz?cache=0&sync_timestamp=1628722556410&other_urls=https%3A%2F%2Fregistry.nlark.com%2Ftslib%2Fdownload%2Ftslib-2.3.1.tgz#e8a335add5ceae51aa261d32a490158ef042ef01"
  integrity sha1-6KM1rdXOrlGqJh0ypJAVjvBC7wE=

vdirs@^0.1.4:
  version "0.1.4"
  resolved "https://registry.nlark.com/vdirs/download/vdirs-0.1.4.tgz#c4c0ff86cf47fed03de5f869e265311ef188ab74"
  integrity sha1-xMD/hs9H/tA95fhp4mUxHvGIq3Q=
  dependencies:
    "@types/node" "^14.14.10"
    evtd "^0.2.2"

vfonts@^0.1.0:
  version "0.1.0"
  resolved "https://registry.nlark.com/vfonts/download/vfonts-0.1.0.tgz#c16af37ca044b2725ae55553049280efbe6222a9"
  integrity sha1-wWrzfKBEsnJa5VVTBJKA775iIqk=

vite@^2.7.2:
  version "2.7.2"
  resolved "https://registry.npmmirror.com/vite/download/vite-2.7.2.tgz#f9937114cf2e730a7e2e4c4f8c26ed0ed1c3bb6b"
  integrity sha512-wMffVVdKZRZP/HwW3yttKL8X+IJePz7bUcnGm0vqljffpVwHpjWC3duZtJQHAGvy+wrTjmwU7vkULpZ1dVXY6w==
  dependencies:
    esbuild "^0.13.12"
    postcss "^8.3.11"
    resolve "^1.20.0"
    rollup "^2.59.0"
  optionalDependencies:
    fsevents "~2.3.2"

vooks@^0.2.10, vooks@^0.2.4:
  version "0.2.10"
  resolved "https://registry.npmmirror.com/vooks/download/vooks-0.2.10.tgz#2656f4c025758ed97edc4a9584c9cc15ecffb70b"
  integrity sha1-Jlb0wCV1jtl+3EqVhMnMFez/tws=
  dependencies:
    evtd "^0.2.2"

vue-demi@*:
  version "0.12.1"
  resolved "https://registry.npmmirror.com/vue-demi/download/vue-demi-0.12.1.tgz#f7e18efbecffd11ab069d1472d7a06e319b4174c"
  integrity sha1-9+GO++z/0RqwadFHLXoG4xm0F0w=

vue-router@4:
  version "4.0.12"
  resolved "https://registry.npmmirror.com/vue-router/download/vue-router-4.0.12.tgz#8dc792cddf5bb1abcc3908f9064136de7e13c460"
  integrity sha512-CPXvfqe+mZLB1kBWssssTiWg4EQERyqJZes7USiqfW9B5N2x+nHlnsM1D3b5CaJ6qgCvMmYJnz+G0iWjNCvXrg==
  dependencies:
    "@vue/devtools-api" "^6.0.0-beta.18"

vue@^3.2.25:
  version "3.2.26"
  resolved "https://registry.npmmirror.com/vue/download/vue-3.2.26.tgz#5db575583ecae495c7caa5c12fd590dffcbb763e"
  integrity sha512-KD4lULmskL5cCsEkfhERVRIOEDrfEL9CwAsLYpzptOGjaGFNWo3BQ9g8MAb7RaIO71rmVOziZ/uEN/rHwcUIhg==
  dependencies:
    "@vue/compiler-dom" "3.2.26"
    "@vue/compiler-sfc" "3.2.26"
    "@vue/runtime-dom" "3.2.26"
    "@vue/server-renderer" "3.2.26"
    "@vue/shared" "3.2.26"

vueuc@^0.4.18:
  version "0.4.18"
  resolved "https://registry.npmmirror.com/vueuc/download/vueuc-0.4.18.tgz#6d6895e96ecea0abf3f1c2d415d95f23ef84899d"
  integrity sha512-fHoMFbwfaVs4S3U5tCSu2i4Xm5GZDNw9FuFNjRwCXiLB1S3rYTYuhjUWdX/+38SL5d9ivEkpsvfve/Msp2lwwg==
  dependencies:
    css-render "^0.15.3"
    evtd "^0.2.2"
    resize-observer-polyfill "^1.5.1"
    seemly "^0.3.1"
    vdirs "^0.1.4"
    vooks "^0.2.4"
